// !$*UTF8*$!
{
	archiveVersion = 1;
	classes = {
	};
	objectVersion = 50;
	objects = {

/* Begin PBXBuildFile section */
		04A7C53021A1AF7300AA6637 /* AppDelegate.swift in Sources */ = {isa = PBXBuildFile; fileRef = 04A7C52F21A1AF7300AA6637 /* AppDelegate.swift */; };
		04A7C53221A1AF7300AA6637 /* ViewController.swift in Sources */ = {isa = PBXBuildFile; fileRef = 04A7C53121A1AF7300AA6637 /* ViewController.swift */; };
		04A7C53521A1AF7300AA6637 /* Main.storyboard in Resources */ = {isa = PBXBuildFile; fileRef = 04A7C53321A1AF7300AA6637 /* Main.storyboard */; };
		04A7C53721A1AF7500AA6637 /* Assets.xcassets in Resources */ = {isa = PBXBuildFile; fileRef = 04A7C53621A1AF7500AA6637 /* Assets.xcassets */; };
		04A7C53A21A1AF7500AA6637 /* LaunchScreen.storyboard in Resources */ = {isa = PBXBuildFile; fileRef = 04A7C53821A1AF7500AA6637 /* LaunchScreen.storyboard */; };
/* End PBXBuildFile section */

/* Begin PBXFileReference section */
		04A7C52C21A1AF7300AA6637 /* SideMenu.app */ = {isa = PBXFileReference; explicitFileType = wrapper.application; includeInIndex = 0; path = SideMenu.app; sourceTree = BUILT_PRODUCTS_DIR; };
		04A7C52F21A1AF7300AA6637 /* AppDelegate.swift */ = {isa = PBXFileReference; lastKnownFileType = sourcecode.swift; path = AppDelegate.swift; sourceTree = "<group>"; };
		04A7C53121A1AF7300AA6637 /* ViewController.swift */ = {isa = PBXFileReference; lastKnownFileType = sourcecode.swift; path = ViewController.swift; sourceTree = "<group>"; };
		04A7C53421A1AF7300AA6637 /* Base */ = {isa = PBXFileReference; lastKnownFileType = file.storyboard; name = Base; path = Base.lproj/Main.storyboard; sourceTree = "<group>"; };
		04A7C53621A1AF7500AA6637 /* Assets.xcassets */ = {isa = PBXFileReference; lastKnownFileType = folder.assetcatalog; path = Assets.xcassets; sourceTree = "<group>"; };
		04A7C53921A1AF7500AA6637 /* Base */ = {isa = PBXFileReference; lastKnownFileType = file.storyboard; name = Base; path = Base.lproj/LaunchScreen.storyboard; sourceTree = "<group>"; };
		04A7C53B21A1AF7500AA6637 /* Info.plist */ = {isa = PBXFileReference; lastKnownFileType = text.plist.xml; path = Info.plist; sourceTree = "<group>"; };
/* End PBXFileReference section */

/* Begin PBXFrameworksBuildPhase section */
		04A7C52921A1AF7300AA6637 /* Frameworks */ = {
			isa = PBXFrameworksBuildPhase;
			buildActionMask = 2147483647;
			files = (
			);
			runOnlyForDeploymentPostprocessing = 0;
		};
/* End PBXFrameworksBuildPhase section */

/* Begin PBXGroup section */
		04A7C52321A1AF7300AA6637 = {
			isa = PBXGroup;
			children = (
				04A7C52E21A1AF7300AA6637 /* SideMenu */,
				04A7C52D21A1AF7300AA6637 /* Products */,
			);
			sourceTree = "<group>";
		};
		04A7C52D21A1AF7300AA6637 /* Products */ = {
			isa = PBXGroup;
			children = (
				04A7C52C21A1AF7300AA6637 /* SideMenu.app */,
			);
			name = Products;
			sourceTree = "<group>";
		};
		04A7C52E21A1AF7300AA6637 /* SideMenu */ = {
			isa = PBXGroup;
			children = (
				04A7C52F21A1AF7300AA6637 /* AppDelegate.swift */,
				04A7C53121A1AF7300AA6637 /* ViewController.swift */,
				04A7C53321A1AF7300AA6637 /* Main.storyboard */,
				04A7C53621A1AF7500AA6637 /* Assets.xcassets */,
				04A7C53821A1AF7500AA6637 /* LaunchScreen.storyboard */,
				04A7C53B21A1AF7500AA6637 /* Info.plist */,
			);
			path = SideMenu;
			sourceTree = "<group>";
		};
/* End PBXGroup section */

/* Begin PBXNativeTarget section */
		04A7C52B21A1AF7300AA6637 /* SideMenu */ = {
			isa = PBXNativeTarget;
			buildConfigurationList = 04A7C53E21A1AF7500AA6637 /* Build configuration list for PBXNativeTarget "SideMenu" */;
			buildPhases = (
				04A7C52821A1AF7300AA6637 /* Sources */,
				04A7C52921A1AF7300AA6637 /* Frameworks */,
				04A7C52A21A1AF7300AA6637 /* Resources */,
			);
			buildRules = (
			);
			dependencies = (
			);
			name = SideMenu;
			productName = SideMenu;
			productReference = 04A7C52C21A1AF7300AA6637 /* SideMenu.app */;
			productType = "com.apple.product-type.application";
		};
/* End PBXNativeTarget section */

/* Begin PBXProject section */
		04A7C52421A1AF7300AA6637 /* Project object */ = {
			isa = PBXProject;
			attributes = {
				LastSwiftUpdateCheck = 1010;
				LastUpgradeCheck = 1010;
				ORGANIZATIONNAME = MAC;
				TargetAttributes = {
					04A7C52B21A1AF7300AA6637 = {
						CreatedOnToolsVersion = 10.1;
					};
				};
			};
			buildConfigurationList = 04A7C52721A1AF7300AA6637 /* Build configuration list for PBXProject "SideMenu" */;
			compatibilityVersion = "Xcode 9.3";
			developmentRegion = en;
			hasScannedForEncodings = 0;
			knownRegions = (
				en,
				Base,
			);
			mainGroup = 04A7C52321A1AF7300AA6637;
			productRefGroup = 04A7C52D21A1AF7300AA6637 /* Products */;
			projectDirPath = "";
			projectRoot = "";
			targets = (
				04A7C52B21A1AF7300AA6637 /* SideMenu */,
			);
		};
/* End PBXProject section */

/* Begin PBXResourcesBuildPhase section */
		04A7C52A21A1AF7300AA6637 /* Resources */ = {
			isa = PBXResourcesBuildPhase;
			buildActionMask = 2147483647;
			files = (
				04A7C53A21A1AF7500AA6637 /* LaunchScreen.storyboard in Resources */,
				04A7C53721A1AF7500AA6637 /* Assets.xcassets in Resources */,
				04A7C53521A1AF7300AA6637 /* Main.storyboard in Resources */,
			);
			runOnlyForDeploymentPostprocessing = 0;
		};
/* End PBXResourcesBuildPhase section */

/* Begin PBXSourcesBuildPhase section */
		04A7C52821A1AF7300AA6637 /* Sources */ = {
			isa = PBXSourcesBuildPhase;
			buildActionMask = 2147483647;
			files = (
				04A7C53221A1AF7300AA6637 /* ViewController.swift in Sources */,
				04A7C53021A1AF7300AA6637 /* AppDelegate.swift in Sources */,
			);
			runOnlyForDeploymentPostprocessing = 0;
		};
/* End PBXSourcesBuildPhase section */

/* Begin PBXVariantGroup section */
		04A7C53321A1AF7300AA6637 /* Main.storyboard */ = {
			isa = PBXVariantGroup;
			children = (
				04A7C53421A1AF7300AA6637 /* Base */,
			);
			name = Main.storyboard;
			sourceTree = "<group>";
		};
		04A7C53821A1AF7500AA6637 /* LaunchScreen.storyboard */ = {
			isa = PBXVariantGroup;
			children = (
				04A7C53921A1AF7500AA6637 /* Base */,
			);
			name = LaunchScreen.storyboard;
			sourceTree = "<group>";
		};
/* End PBXVariantGroup section */

/* Begin XCBuildConfiguration section */
		04A7C53C21A1AF7500AA6637 /* Debug */ = {
			isa = XCBuildConfiguration;
			buildSettings = {
				ALWAYS_SEARCH_USER_PATHS = NO;
				CLANG_ANALYZER_NONNULL = YES;
				CLANG_ANALYZER_NUMBER_OBJECT_CONVERSION = YES_AGGRESSIVE;
				CLANG_CXX_LANGUAGE_STANDARD = "gnu++14";
				CLANG_CXX_LIBRARY = "libc++";
				CLANG_ENABLE_MODULES = YES;
				CLANG_ENABLE_OBJC_ARC = YES;
				CLANG_ENABLE_OBJC_WEAK = YES;
				CLANG_WARN_BLOCK_CAPTURE_AUTORELEASING = YES;
				CLANG_WARN_BOOL_CONVERSION = YES;
				CLANG_WARN_COMMA = YES;
				CLANG_WARN_CONSTANT_CONVERSION = YES;
				CLANG_WARN_DEPRECATED_OBJC_IMPLEMENTATIONS = YES;
				CLANG_WARN_DIRECT_OBJC_ISA_USAGE = YES_ERROR;
				CLANG_WARN_DOCUMENTATION_COMMENTS = YES;
				CLANG_WARN_EMPTY_BODY = YES;
				CLANG_WARN_ENUM_CONVERSION = YES;
				CLANG_WARN_INFINITE_RECURSION = YES;
				CLANG_WARN_INT_CONVERSION = YES;
				CLANG_WARN_NON_LITERAL_NULL_CONVERSION = YES;
				CLANG_WARN_OBJC_IMPLICIT_RETAIN_SELF = YES;
				CLANG_WARN_OBJC_LITERAL_CONVERSION = YES;
				CLANG_WARN_OBJC_ROOT_CLASS = YES_ERROR;
				CLANG_WARN_RANGE_LOOP_ANALYSIS = YES;
				CLANG_WARN_STRICT_PROTOTYPES = YES;
				CLANG_WARN_SUSPICIOUS_MOVE = YES;
				CLANG_WARN_UNGUARDED_AVAILABILITY = YES_AGGRESSIVE;
				CLANG_WARN_UNREACHABLE_CODE = YES;
				CLANG_WARN__DUPLICATE_METHOD_MATCH = YES;
				CODE_SIGN_IDENTITY = "iPhone Developer";
				COPY_PHASE_STRIP = NO;
				DEBUG_INFORMATION_FORMAT = dwarf;
				ENABLE_STRICT_OBJC_MSGSEND = YES;
				ENABLE_TESTABILITY = YES;
				GCC_C_LANGUAGE_STANDARD = gnu11;
				GCC_DYNAMIC_NO_PIC = NO;
				GCC_NO_COMMON_BLOCKS = YES;
				GCC_OPTIMIZATION_LEVEL = 0;
				GCC_PREPROCESSOR_DEFINITIONS = (
					"DEBUG=1",
					"$(inherited)",
				);
				GCC_WARN_64_TO_32_BIT_CONVERSION = YES;
				GCC_WARN_ABOUT_RETURN_TYPE = YES_ERROR;
				GCC_WARN_UNDECLARED_SELECTOR = YES;
				GCC_WARN_UNINITIALIZED_AUTOS = YES_AGGRESSIVE;
				GCC_WARN_UNUSED_FUNCTION = YES;
				GCC_WARN_UNUSED_VARIABLE = YES;
				IPHONEOS_DEPLOYMENT_TARGET = 12.1;
				MTL_ENABLE_DEBUG_INFO = INCLUDE_SOURCE;
				MTL_FAST_MATH = YES;
				ONLY_ACTIVE_ARCH = YES;
				SDKROOT = iphoneos;
				SWIFT_ACTIVE_COMPILATION_CONDITIONS = DEBUG;
				SWIFT_OPTIMIZATION_LEVEL = "-Onone";
			};
			name = Debug;
		};
		04A7C53D21A1AF7500AA6637 /* Release */ = {
			isa = XCBuildConfiguration;
			buildSettings = {
				ALWAYS_SEARCH_USER_PATHS = NO;
				CLANG_ANALYZER_NONNULL = YES;
				CLANG_ANALYZER_NUMBER_OBJECT_CONVERSION = YES_AGGRESSIVE;
				CLANG_CXX_LANGUAGE_STANDARD = "gnu++14";
				CLANG_CXX_LIBRARY = "libc++";
				CLANG_ENABLE_MODULES = YES;
				CLANG_ENABLE_OBJC_ARC = YES;
				CLANG_ENABLE_OBJC_WEAK = YES;
				CLANG_WARN_BLOCK_CAPTURE_AUTORELEASING = YES;
				CLANG_WARN_BOOL_CONVERSION = YES;
				CLANG_WARN_COMMA = YES;
				CLANG_WARN_CONSTANT_CONVERSION = YES;
				CLANG_WARN_DEPRECATED_OBJC_IMPLEMENTATIONS = YES;
				CLANG_WARN_DIRECT_OBJC_ISA_USAGE = YES_ERROR;
				CLANG_WARN_DOCUMENTATION_COMMENTS = YES;
				CLANG_WARN_EMPTY_BODY = YES;
				CLANG_WARN_ENUM_CONVERSION = YES;
				CLANG_WARN_INFINITE_RECURSION = YES;
				CLANG_WARN_INT_CONVERSION = YES;
				CLANG_WARN_NON_LITERAL_NULL_CONVERSION = YES;
				CLANG_WARN_OBJC_IMPLICIT_RETAIN_SELF = YES;
				CLANG_WARN_OBJC_LITERAL_CONVERSION = YES;
				CLANG_WARN_OBJC_ROOT_CLASS = YES_ERROR;
				CLANG_WARN_RANGE_LOOP_ANALYSIS = YES;
				CLANG_WARN_STRICT_PROTOTYPES = YES;
				CLANG_WARN_SUSPICIOUS_MOVE = YES;
				CLANG_WARN_UNGUARDED_AVAILABILITY = YES_AGGRESSIVE;
				CLANG_WARN_UNREACHABLE_CODE = YES;
				CLANG_WARN__DUPLICATE_METHOD_MATCH = YES;
				CODE_SIGN_IDENTITY = "iPhone Developer";
				COPY_PHASE_STRIP = NO;
				DEBUG_INFORMATION_FORMAT = "dwarf-with-dsym";
				ENABLE_NS_ASSERTIONS = NO;
				ENABLE_STRICT_OBJC_MSGSEND = YES;
				GCC_C_LANGUAGE_STANDARD = gnu11;
				GCC_NO_COMMON_BLOCKS = YES;
				GCC_WARN_64_TO_32_BIT_CONVERSION = YES;
				GCC_WARN_ABOUT_RETURN_TYPE = YES_ERROR;
				GCC_WARN_UNDECLARED_SELECTOR = YES;
				GCC_WARN_UNINITIALIZED_AUTOS = YES_AGGRESSIVE;
				GCC_WARN_UNUSED_FUNCTION = YES;
				GCC_WARN_UNUSED_VARIABLE = YES;
				IPHONEOS_DEPLOYMENT_TARGET = 12.1;
				MTL_ENABLE_DEBUG_INFO = NO;
				MTL_FAST_MATH = YES;
				SDKROOT = iphoneos;
				SWIFT_COMPILATION_MODE = wholemodule;
				SWIFT_OPTIMIZATION_LEVEL = "-O";
				VALIDATE_PRODUCT = YES;
			};
			name = Release;
		};
		04A7C53F21A1AF7500AA6637 /* Debug */ = {
			isa = XCBuildConfiguration;
			buildSettings = {
				ASSETCATALOG_COMPILER_APPICON_NAME = AppIcon;
				CODE_SIGN_STYLE = Automatic;
				DEVELOPMENT_TEAM = F4D5UVP8S9;
				INFOPLIST_FILE = SideMenu/Info.plist;
				LD_RUNPATH_SEARCH_PATHS = (
					"$(inherited)",
					"@executable_path/Frameworks",
				);
				PRODUCT_BUNDLE_IDENTIFIER = FullStackPeople.SideMenu;
				PRODUCT_NAME = "$(TARGET_NAME)";
				SWIFT_VERSION = 4.2;
				TARGETED_DEVICE_FAMILY = "1,2";
			};
			name = Debug;
		};
		04A7C54021A1AF7500AA6637 /* Release */ = {
			isa = XCBuildConfiguration;
			buildSettings = {
				ASSETCATALOG_COMPILER_APPICON_NAME = AppIcon;
				CODE_SIGN_STYLE = Automatic;
				DEVELOPMENT_TEAM = F4D5UVP8S9;
				INFOPLIST_FILE = SideMenu/Info.plist;
				LD_RUNPATH_SEARCH_PATHS = (
					"$(inherited)",
					"@executable_path/Frameworks",
				);
				PRODUCT_BUNDLE_IDENTIFIER = FullStackPeople.SideMenu;
				PRODUCT_NAME = "$(TARGET_NAME)";
				SWIFT_VERSION = 4.2;
				TARGETED_DEVICE_FAMILY = "1,2";
			};
			name = Release;
		};
/* End XCBuildConfiguration section */

/* Begin XCConfigurationList section */
		04A7C52721A1AF7300AA6637 /* Build configuration list for PBXProject "SideMenu" */ = {
			isa = XCConfigurationList;
			buildConfigurations = (
				04A7C53C21A1AF7500AA6637 /* Debug */,
				04A7C53D21A1AF7500AA6637 /* Release */,
			);
			defaultConfigurationIsVisible = 0;
			defaultConfigurationName = Release;
		};
		04A7C53E21A1AF7500AA6637 /* Build configuration list for PBXNativeTarget "SideMenu" */ = {
			isa = XCConfigurationList;
			buildConfigurations = (
				04A7C53F21A1AF7500AA6637 /* Debug */,
				04A7C54021A1AF7500AA6637 /* Release */,
			);
			defaultConfigurationIsVisible = 0;
			defaultConfigurationName = Release;
		};
/* End XCConfigurationList section */
	};
	rootObject = 04A7C52421A1AF7300AA6637 /* Project object */;
}
